// !$*UTF8*$!
{
	archiveVersion = 1;
	classes = {
	};
	objectVersion = 50;
	objects = {

/* Begin PBXBuildFile section */
		DBBD5C7A24365F2C0048BAD3 /* AppDelegate.swift in Sources */ = {isa = PBXBuildFile; fileRef = DBBD5C7924365F2C0048BAD3 /* AppDelegate.swift */; };
		DBBD5C7C24365F2C0048BAD3 /* SceneDelegate.swift in Sources */ = {isa = PBXBuildFile; fileRef = DBBD5C7B24365F2C0048BAD3 /* SceneDelegate.swift */; };
		DBBD5C7E24365F2C0048BAD3 /* ViewController.swift in Sources */ = {isa = PBXBuildFile; fileRef = DBBD5C7D24365F2C0048BAD3 /* ViewController.swift */; };
		DBBD5C8124365F2C0048BAD3 /* Main.storyboard in Resources */ = {isa = PBXBuildFile; fileRef = DBBD5C7F24365F2C0048BAD3 /* Main.storyboard */; };
		DBBD5C8324365F2F0048BAD3 /* Assets.xcassets in Resources */ = {isa = PBXBuildFile; fileRef = DBBD5C8224365F2F0048BAD3 /* Assets.xcassets */; };
		DBBD5C8624365F2F0048BAD3 /* LaunchScreen.storyboard in Resources */ = {isa = PBXBuildFile; fileRef = DBBD5C8424365F2F0048BAD3 /* LaunchScreen.storyboard */; };
/* End PBXBuildFile section */

/* Begin PBXFileReference section */
		DBBD5C7624365F2C0048BAD3 /* It's my Quizz.app */ = {isa = PBXFileReference; explicitFileType = wrapper.application; includeInIndex = 0; path = "It's my Quizz.app"; sourceTree = BUILT_PRODUCTS_DIR; };
		DBBD5C7924365F2C0048BAD3 /* AppDelegate.swift */ = {isa = PBXFileReference; lastKnownFileType = sourcecode.swift; path = AppDelegate.swift; sourceTree = "<group>"; };
		DBBD5C7B24365F2C0048BAD3 /* SceneDelegate.swift */ = {isa = PBXFileReference; lastKnownFileType = sourcecode.swift; path = SceneDelegate.swift; sourceTree = "<group>"; };
		DBBD5C7D24365F2C0048BAD3 /* ViewController.swift */ = {isa = PBXFileReference; lastKnownFileType = sourcecode.swift; path = ViewController.swift; sourceTree = "<group>"; };
		DBBD5C8024365F2C0048BAD3 /* Base */ = {isa = PBXFileReference; lastKnownFileType = file.storyboard; name = Base; path = Base.lproj/Main.storyboard; sourceTree = "<group>"; };
		DBBD5C8224365F2F0048BAD3 /* Assets.xcassets */ = {isa = PBXFileReference; lastKnownFileType = folder.assetcatalog; path = Assets.xcassets; sourceTree = "<group>"; };
		DBBD5C8524365F2F0048BAD3 /* Base */ = {isa = PBXFileReference; lastKnownFileType = file.storyboard; name = Base; path = Base.lproj/LaunchScreen.storyboard; sourceTree = "<group>"; };
		DBBD5C8724365F2F0048BAD3 /* Info.plist */ = {isa = PBXFileReference; lastKnownFileType = text.plist.xml; path = Info.plist; sourceTree = "<group>"; };
/* End PBXFileReference section */

/* Begin PBXFrameworksBuildPhase section */
		DBBD5C7324365F2C0048BAD3 /* Frameworks */ = {
			isa = PBXFrameworksBuildPhase;
			buildActionMask = 2147483647;
			files = (
			);
			runOnlyForDeploymentPostprocessing = 0;
		};
/* End PBXFrameworksBuildPhase section */

/* Begin PBXGroup section */
		DBBD5C6D24365F2C0048BAD3 = {
			isa = PBXGroup;
			children = (
				DBBD5C7824365F2C0048BAD3 /* It's my Quizz */,
				DBBD5C7724365F2C0048BAD3 /* Products */,
			);
			sourceTree = "<group>";
		};
		DBBD5C7724365F2C0048BAD3 /* Products */ = {
			isa = PBXGroup;
			children = (
				DBBD5C7624365F2C0048BAD3 /* It's my Quizz.app */,
			);
			name = Products;
			sourceTree = "<group>";
		};
		DBBD5C7824365F2C0048BAD3 /* It's my Quizz */ = {
			isa = PBXGroup;
			children = (
				DBBD5C7924365F2C0048BAD3 /* AppDelegate.swift */,
				DBBD5C7B24365F2C0048BAD3 /* SceneDelegate.swift */,
				DBBD5C7D24365F2C0048BAD3 /* ViewController.swift */,
				DBBD5C7F24365F2C0048BAD3 /* Main.storyboard */,
				DBBD5C8224365F2F0048BAD3 /* Assets.xcassets */,
				DBBD5C8424365F2F0048BAD3 /* LaunchScreen.storyboard */,
				DBBD5C8724365F2F0048BAD3 /* Info.plist */,
			);
			path = "It's my Quizz";
			sourceTree = "<group>";
		};
/* End PBXGroup section */

/* Begin PBXNativeTarget section */
		DBBD5C7524365F2C0048BAD3 /* It's my Quizz */ = {
			isa = PBXNativeTarget;
			buildConfigurationList = DBBD5C8A24365F2F0048BAD3 /* Build configuration list for PBXNativeTarget "It's my Quizz" */;
			buildPhases = (
				DBBD5C7224365F2C0048BAD3 /* Sources */,
				DBBD5C7324365F2C0048BAD3 /* Frameworks */,
				DBBD5C7424365F2C0048BAD3 /* Resources */,
			);
			buildRules = (
			);
			dependencies = (
			);
			name = "It's my Quizz";
			productName = "It's my Quizz";
			productReference = DBBD5C7624365F2C0048BAD3 /* It's my Quizz.app */;
			productType = "com.apple.product-type.application";
		};
/* End PBXNativeTarget section */

/* Begin PBXProject section */
		DBBD5C6E24365F2C0048BAD3 /* Project object */ = {
			isa = PBXProject;
			attributes = {
				LastSwiftUpdateCheck = 1130;
				LastUpgradeCheck = 1130;
				ORGANIZATIONNAME = "Lea Dukaez";
				TargetAttributes = {
					DBBD5C7524365F2C0048BAD3 = {
						CreatedOnToolsVersion = 11.3.1;
					};
				};
			};
			buildConfigurationList = DBBD5C7124365F2C0048BAD3 /* Build configuration list for PBXProject "It's my Quizz" */;
			compatibilityVersion = "Xcode 9.3";
			developmentRegion = en;
			hasScannedForEncodings = 0;
			knownRegions = (
				en,
				Base,
			);
			mainGroup = DBBD5C6D24365F2C0048BAD3;
			productRefGroup = DBBD5C7724365F2C0048BAD3 /* Products */;
			projectDirPath = "";
			projectRoot = "";
			targets = (
				DBBD5C7524365F2C0048BAD3 /* It's my Quizz */,
			);
		};
/* End PBXProject section */

/* Begin PBXResourcesBuildPhase section */
		DBBD5C7424365F2C0048BAD3 /* Resources */ = {
			isa = PBXResourcesBuildPhase;
			buildActionMask = 2147483647;
			files = (
				DBBD5C8624365F2F0048BAD3 /* LaunchScreen.storyboard in Resources */,
				DBBD5C8324365F2F0048BAD3 /* Assets.xcassets in Resources */,
				DBBD5C8124365F2C0048BAD3 /* Main.storyboard in Resources */,
			);
			runOnlyForDeploymentPostprocessing = 0;
		};
/* End PBXResourcesBuildPhase section */

/* Begin PBXSourcesBuildPhase section */
		DBBD5C7224365F2C0048BAD3 /* Sources */ = {
			isa = PBXSourcesBuildPhase;
			buildActionMask = 2147483647;
			files = (
				DBBD5C7E24365F2C0048BAD3 /* ViewController.swift in Sources */,
				DBBD5C7A24365F2C0048BAD3 /* AppDelegate.swift in Sources */,
				DBBD5C7C24365F2C0048BAD3 /* SceneDelegate.swift in Sources */,
			);
			runOnlyForDeploymentPostprocessing = 0;
		};
/* End PBXSourcesBuildPhase section */

/* Begin PBXVariantGroup section */
		DBBD5C7F24365F2C0048BAD3 /* Main.storyboard */ = {
			isa = PBXVariantGroup;
			children = (
				DBBD5C8024365F2C0048BAD3 /* Base */,
			);
			name = Main.storyboard;
			sourceTree = "<group>";
		};
		DBBD5C8424365F2F0048BAD3 /* LaunchScreen.storyboard */ = {
			isa = PBXVariantGroup;
			children = (
				DBBD5C8524365F2F0048BAD3 /* Base */,
			);
			name = LaunchScreen.storyboard;
			sourceTree = "<group>";
		};
/* End PBXVariantGroup section */

/* Begin XCBuildConfiguration section */
		DBBD5C8824365F2F0048BAD3 /* Debug */ = {
			isa = XCBuildConfiguration;
			buildSettings = {
				ALWAYS_SEARCH_USER_PATHS = NO;
				CLANG_ANALYZER_NONNULL = YES;
				CLANG_ANALYZER_NUMBER_OBJECT_CONVERSION = YES_AGGRESSIVE;
				CLANG_CXX_LANGUAGE_STANDARD = "gnu++14";
				CLANG_CXX_LIBRARY = "libc++";
				CLANG_ENABLE_MODULES = YES;
				CLANG_ENABLE_OBJC_ARC = YES;
				CLANG_ENABLE_OBJC_WEAK = YES;
				CLANG_WARN_BLOCK_CAPTURE_AUTORELEASING = YES;
				CLANG_WARN_BOOL_CONVERSION = YES;
				CLANG_WARN_COMMA = YES;
				CLANG_WARN_CONSTANT_CONVERSION = YES;
				CLANG_WARN_DEPRECATED_OBJC_IMPLEMENTATIONS = YES;
				CLANG_WARN_DIRECT_OBJC_ISA_USAGE = YES_ERROR;
				CLANG_WARN_DOCUMENTATION_COMMENTS = YES;
				CLANG_WARN_EMPTY_BODY = YES;
				CLANG_WARN_ENUM_CONVERSION = YES;
				CLANG_WARN_INFINITE_RECURSION = YES;
				CLANG_WARN_INT_CONVERSION = YES;
				CLANG_WARN_NON_LITERAL_NULL_CONVERSION = YES;
				CLANG_WARN_OBJC_IMPLICIT_RETAIN_SELF = YES;
				CLANG_WARN_OBJC_LITERAL_CONVERSION = YES;
				CLANG_WARN_OBJC_ROOT_CLASS = YES_ERROR;
				CLANG_WARN_RANGE_LOOP_ANALYSIS = YES;
				CLANG_WARN_STRICT_PROTOTYPES = YES;
				CLANG_WARN_SUSPICIOUS_MOVE = YES;
				CLANG_WARN_UNGUARDED_AVAILABILITY = YES_AGGRESSIVE;
				CLANG_WARN_UNREACHABLE_CODE = YES;
				CLANG_WARN__DUPLICATE_METHOD_MATCH = YES;
				COPY_PHASE_STRIP = NO;
				DEBUG_INFORMATION_FORMAT = dwarf;
				ENABLE_STRICT_OBJC_MSGSEND = YES;
				ENABLE_TESTABILITY = YES;
				GCC_C_LANGUAGE_STANDARD = gnu11;
				GCC_DYNAMIC_NO_PIC = NO;
				GCC_NO_COMMON_BLOCKS = YES;
				GCC_OPTIMIZATION_LEVEL = 0;
				GCC_PREPROCESSOR_DEFINITIONS = (
					"DEBUG=1",
					"$(inherited)",
				);
				GCC_WARN_64_TO_32_BIT_CONVERSION = YES;
				GCC_WARN_ABOUT_RETURN_TYPE = YES_ERROR;
				GCC_WARN_UNDECLARED_SELECTOR = YES;
				GCC_WARN_UNINITIALIZED_AUTOS = YES_AGGRESSIVE;
				GCC_WARN_UNUSED_FUNCTION = YES;
				GCC_WARN_UNUSED_VARIABLE = YES;
				IPHONEOS_DEPLOYMENT_TARGET = 13.2;
				MTL_ENABLE_DEBUG_INFO = INCLUDE_SOURCE;
				MTL_FAST_MATH = YES;
				ONLY_ACTIVE_ARCH = YES;
				SDKROOT = iphoneos;
				SWIFT_ACTIVE_COMPILATION_CONDITIONS = DEBUG;
				SWIFT_OPTIMIZATION_LEVEL = "-Onone";
			};
			name = Debug;
		};
		DBBD5C8924365F2F0048BAD3 /* Release */ = {
			isa = XCBuildConfiguration;
			buildSettings = {
				ALWAYS_SEARCH_USER_PATHS = NO;
				CLANG_ANALYZER_NONNULL = YES;
				CLANG_ANALYZER_NUMBER_OBJECT_CONVERSION = YES_AGGRESSIVE;
				CLANG_CXX_LANGUAGE_STANDARD = "gnu++14";
				CLANG_CXX_LIBRARY = "libc++";
				CLANG_ENABLE_MODULES = YES;
				CLANG_ENABLE_OBJC_ARC = YES;
				CLANG_ENABLE_OBJC_WEAK = YES;
				CLANG_WARN_BLOCK_CAPTURE_AUTORELEASING = YES;
				CLANG_WARN_BOOL_CONVERSION = YES;
				CLANG_WARN_COMMA = YES;
				CLANG_WARN_CONSTANT_CONVERSION = YES;
				CLANG_WARN_DEPRECATED_OBJC_IMPLEMENTATIONS = YES;
				CLANG_WARN_DIRECT_OBJC_ISA_USAGE = YES_ERROR;
				CLANG_WARN_DOCUMENTATION_COMMENTS = YES;
				CLANG_WARN_EMPTY_BODY = YES;
				CLANG_WARN_ENUM_CONVERSION = YES;
				CLANG_WARN_INFINITE_RECURSION = YES;
				CLANG_WARN_INT_CONVERSION = YES;
				CLANG_WARN_NON_LITERAL_NULL_CONVERSION = YES;
				CLANG_WARN_OBJC_IMPLICIT_RETAIN_SELF = YES;
				CLANG_WARN_OBJC_LITERAL_CONVERSION = YES;
				CLANG_WARN_OBJC_ROOT_CLASS = YES_ERROR;
				CLANG_WARN_RANGE_LOOP_ANALYSIS = YES;
				CLANG_WARN_STRICT_PROTOTYPES = YES;
				CLANG_WARN_SUSPICIOUS_MOVE = YES;
				CLANG_WARN_UNGUARDED_AVAILABILITY = YES_AGGRESSIVE;
				CLANG_WARN_UNREACHABLE_CODE = YES;
				CLANG_WARN__DUPLICATE_METHOD_MATCH = YES;
				COPY_PHASE_STRIP = NO;
				DEBUG_INFORMATION_FORMAT = "dwarf-with-dsym";
				ENABLE_NS_ASSERTIONS = NO;
				ENABLE_STRICT_OBJC_MSGSEND = YES;
				GCC_C_LANGUAGE_STANDARD = gnu11;
				GCC_NO_COMMON_BLOCKS = YES;
				GCC_WARN_64_TO_32_BIT_CONVERSION = YES;
				GCC_WARN_ABOUT_RETURN_TYPE = YES_ERROR;
				GCC_WARN_UNDECLARED_SELECTOR = YES;
				GCC_WARN_UNINITIALIZED_AUTOS = YES_AGGRESSIVE;
				GCC_WARN_UNUSED_FUNCTION = YES;
				GCC_WARN_UNUSED_VARIABLE = YES;
				IPHONEOS_DEPLOYMENT_TARGET = 13.2;
				MTL_ENABLE_DEBUG_INFO = NO;
				MTL_FAST_MATH = YES;
				SDKROOT = iphoneos;
				SWIFT_COMPILATION_MODE = wholemodule;
				SWIFT_OPTIMIZATION_LEVEL = "-O";
				VALIDATE_PRODUCT = YES;
			};
			name = Release;
		};
		DBBD5C8B24365F2F0048BAD3 /* Debug */ = {
			isa = XCBuildConfiguration;
			buildSettings = {
				ASSETCATALOG_COMPILER_APPICON_NAME = AppIcon;
				CODE_SIGN_STYLE = Automatic;
				INFOPLIST_FILE = "It's my Quizz/Info.plist";
				LD_RUNPATH_SEARCH_PATHS = (
					"$(inherited)",
					"@executable_path/Frameworks",
				);
				PRODUCT_BUNDLE_IDENTIFIER = "com.lea-dk.It-s-my-Quizz";
				PRODUCT_NAME = "$(TARGET_NAME)";
				SWIFT_VERSION = 5.0;
				TARGETED_DEVICE_FAMILY = "1,2";
			};
			name = Debug;
		};
		DBBD5C8C24365F2F0048BAD3 /* Release */ = {
			isa = XCBuildConfiguration;
			buildSettings = {
				ASSETCATALOG_COMPILER_APPICON_NAME = AppIcon;
				CODE_SIGN_STYLE = Automatic;
				INFOPLIST_FILE = "It's my Quizz/Info.plist";
				LD_RUNPATH_SEARCH_PATHS = (
					"$(inherited)",
					"@executable_path/Frameworks",
				);
				PRODUCT_BUNDLE_IDENTIFIER = "com.lea-dk.It-s-my-Quizz";
				PRODUCT_NAME = "$(TARGET_NAME)";
				SWIFT_VERSION = 5.0;
				TARGETED_DEVICE_FAMILY = "1,2";
			};
			name = Release;
		};
/* End XCBuildConfiguration section */

/* Begin XCConfigurationList section */
		DBBD5C7124365F2C0048BAD3 /* Build configuration list for PBXProject "It's my Quizz" */ = {
			isa = XCConfigurationList;
			buildConfigurations = (
				DBBD5C8824365F2F0048BAD3 /* Debug */,
				DBBD5C8924365F2F0048BAD3 /* Release */,
			);
			defaultConfigurationIsVisible = 0;
			defaultConfigurationName = Release;
		};
		DBBD5C8A24365F2F0048BAD3 /* Build configuration list for PBXNativeTarget "It's my Quizz" */ = {
			isa = XCConfigurationList;
			buildConfigurations = (
				DBBD5C8B24365F2F0048BAD3 /* Debug */,
				DBBD5C8C24365F2F0048BAD3 /* Release */,
			);
			defaultConfigurationIsVisible = 0;
			defaultConfigurationName = Release;
		};
/* End XCConfigurationList section */
	};
	rootObject = DBBD5C6E24365F2C0048BAD3 /* Project object */;
}
